// !$*UTF8*$!
{
	archiveVersion = 1;
	classes = {
	};
	objectVersion = 56;
	objects = {

/* Begin PBXBuildFile section */
		0B7BA8282C1B38D500FD2877 /* AppDelegate.m in Sources */ = {isa = PBXBuildFile; fileRef = 0B7BA8272C1B38D500FD2877 /* AppDelegate.m */; };
		0B7BA82E2C1B38D500FD2877 /* ViewController.m in Sources */ = {isa = PBXBuildFile; fileRef = 0B7BA82D2C1B38D500FD2877 /* ViewController.m */; };
		0B7BA8332C1B38D500FD2877 /* Assets.xcassets in Resources */ = {isa = PBXBuildFile; fileRef = 0B7BA8322C1B38D500FD2877 /* Assets.xcassets */; };
		0B7BA8362C1B38D500FD2877 /* LaunchScreen.storyboard in Resources */ = {isa = PBXBuildFile; fileRef = 0B7BA8342C1B38D500FD2877 /* LaunchScreen.storyboard */; };
		0B7BA8392C1B38D500FD2877 /* main.m in Sources */ = {isa = PBXBuildFile; fileRef = 0B7BA8382C1B38D500FD2877 /* main.m */; };
		0B7BA8402C1C956500FD2877 /* UIViewAutoLayout.h in Sources */ = {isa = PBXBuildFile; fileRef = 0B7BA83F2C1C956500FD2877 /* UIViewAutoLayout.h */; };
		0B7BA8422C1C958A00FD2877 /* UIViewAutoLayout.m in Sources */ = {isa = PBXBuildFile; fileRef = 0B7BA8412C1C958A00FD2877 /* UIViewAutoLayout.m */; };
		0B7BA8442C1DD5D700FD2877 /* ViewColorModel.h in Sources */ = {isa = PBXBuildFile; fileRef = 0B7BA8432C1DD5D700FD2877 /* ViewColorModel.h */; };
		0B7BA8462C1DD71100FD2877 /* ViewColorModel.m in Sources */ = {isa = PBXBuildFile; fileRef = 0B7BA8452C1DD71100FD2877 /* ViewColorModel.m */; };
		0B7BA84A2C1EDDF400FD2877 /* TableViewController.m in Sources */ = {isa = PBXBuildFile; fileRef = 0B7BA8492C1EDDF400FD2877 /* TableViewController.m */; };
		0B7BA84E2C1EDEA700FD2877 /* TableViewDataSource.m in Sources */ = {isa = PBXBuildFile; fileRef = 0B7BA84D2C1EDEA700FD2877 /* TableViewDataSource.m */; };
		0B7BA8512C1EF34400FD2877 /* SomeCellValue.m in Sources */ = {isa = PBXBuildFile; fileRef = 0B7BA8502C1EF34400FD2877 /* SomeCellValue.m */; };
		0B7BA8542C1EF6C700FD2877 /* MyCell.m in Sources */ = {isa = PBXBuildFile; fileRef = 0B7BA8532C1EF6C700FD2877 /* MyCell.m */; };
		0B7BA85E2C2012C200FD2877 /* NetworkServiceImpl.m in Sources */ = {isa = PBXBuildFile; fileRef = 0B7BA85D2C2012C200FD2877 /* NetworkServiceImpl.m */; };
		0B7BA8622C20235A00FD2877 /* BreedsArray.m in Sources */ = {isa = PBXBuildFile; fileRef = 0B7BA8612C20235A00FD2877 /* BreedsArray.m */; };
		0B7BA8642C2023B700FD2877 /* Breed.m in Sources */ = {isa = PBXBuildFile; fileRef = 0B7BA8632C2023B700FD2877 /* Breed.m */; };
		0B7BA8682C2084CA00FD2877 /* BreedDetails.m in Sources */ = {isa = PBXBuildFile; fileRef = 0B7BA8672C2084CA00FD2877 /* BreedDetails.m */; };
		0B7BA86F2C219DEC00FD2877 /* IViewController.swift in Sources */ = {isa = PBXBuildFile; fileRef = 0B7BA86E2C219DEC00FD2877 /* IViewController.swift */; };
		0B7BA8752C22C26D00FD2877 /* VSDSDataSource.h in Sources */ = {isa = PBXBuildFile; fileRef = 0B7BA8722C22BDE600FD2877 /* VSDSDataSource.h */; };
		0B7BA8782C22C2EB00FD2877 /* VSDSDataSource.m in Sources */ = {isa = PBXBuildFile; fileRef = 0B7BA8772C22C2EB00FD2877 /* VSDSDataSource.m */; };
		0B7BA87C2C22C37100FD2877 /* VSDSTestCells.swift in Sources */ = {isa = PBXBuildFile; fileRef = 0B7BA87B2C22C37100FD2877 /* VSDSTestCells.swift */; };
		0B7BA8812C22C4F100FD2877 /* VSDSConfigurableCell.m in Sources */ = {isa = PBXBuildFile; fileRef = 0B7BA8802C22C4F100FD2877 /* VSDSConfigurableCell.m */; };
		0B7BA8822C22C59300FD2877 /* VSDSConfigurableCell.h in Sources */ = {isa = PBXBuildFile; fileRef = 0B7BA87F2C22C40500FD2877 /* VSDSConfigurableCell.h */; };
/* End PBXBuildFile section */

/* Begin PBXFileReference section */
		0B7BA8232C1B38D400FD2877 /* Obj-c training.app */ = {isa = PBXFileReference; explicitFileType = wrapper.application; includeInIndex = 0; path = "Obj-c training.app"; sourceTree = BUILT_PRODUCTS_DIR; };
		0B7BA8262C1B38D400FD2877 /* AppDelegate.h */ = {isa = PBXFileReference; lastKnownFileType = sourcecode.c.h; path = AppDelegate.h; sourceTree = "<group>"; };
		0B7BA8272C1B38D500FD2877 /* AppDelegate.m */ = {isa = PBXFileReference; lastKnownFileType = sourcecode.c.objc; path = AppDelegate.m; sourceTree = "<group>"; };
		0B7BA82C2C1B38D500FD2877 /* ViewController.h */ = {isa = PBXFileReference; lastKnownFileType = sourcecode.c.h; path = ViewController.h; sourceTree = "<group>"; };
		0B7BA82D2C1B38D500FD2877 /* ViewController.m */ = {isa = PBXFileReference; lastKnownFileType = sourcecode.c.objc; path = ViewController.m; sourceTree = "<group>"; };
		0B7BA8322C1B38D500FD2877 /* Assets.xcassets */ = {isa = PBXFileReference; lastKnownFileType = folder.assetcatalog; path = Assets.xcassets; sourceTree = "<group>"; };
		0B7BA8352C1B38D500FD2877 /* Base */ = {isa = PBXFileReference; lastKnownFileType = file.storyboard; name = Base; path = Base.lproj/LaunchScreen.storyboard; sourceTree = "<group>"; };
		0B7BA8372C1B38D500FD2877 /* Info.plist */ = {isa = PBXFileReference; lastKnownFileType = text.plist.xml; path = Info.plist; sourceTree = "<group>"; };
		0B7BA8382C1B38D500FD2877 /* main.m */ = {isa = PBXFileReference; lastKnownFileType = sourcecode.c.objc; path = main.m; sourceTree = "<group>"; };
		0B7BA83F2C1C956500FD2877 /* UIViewAutoLayout.h */ = {isa = PBXFileReference; lastKnownFileType = sourcecode.c.h; path = UIViewAutoLayout.h; sourceTree = "<group>"; };
		0B7BA8412C1C958A00FD2877 /* UIViewAutoLayout.m */ = {isa = PBXFileReference; lastKnownFileType = sourcecode.c.objc; path = UIViewAutoLayout.m; sourceTree = "<group>"; };
		0B7BA8432C1DD5D700FD2877 /* ViewColorModel.h */ = {isa = PBXFileReference; lastKnownFileType = sourcecode.c.h; path = ViewColorModel.h; sourceTree = "<group>"; };
		0B7BA8452C1DD71100FD2877 /* ViewColorModel.m */ = {isa = PBXFileReference; lastKnownFileType = sourcecode.c.objc; path = ViewColorModel.m; sourceTree = "<group>"; };
		0B7BA8482C1EDDF400FD2877 /* TableViewController.h */ = {isa = PBXFileReference; lastKnownFileType = sourcecode.c.h; path = TableViewController.h; sourceTree = "<group>"; };
		0B7BA8492C1EDDF400FD2877 /* TableViewController.m */ = {isa = PBXFileReference; lastKnownFileType = sourcecode.c.objc; path = TableViewController.m; sourceTree = "<group>"; };
		0B7BA84C2C1EDEA700FD2877 /* TableViewDataSource.h */ = {isa = PBXFileReference; lastKnownFileType = sourcecode.c.h; path = TableViewDataSource.h; sourceTree = "<group>"; };
		0B7BA84D2C1EDEA700FD2877 /* TableViewDataSource.m */ = {isa = PBXFileReference; lastKnownFileType = sourcecode.c.objc; path = TableViewDataSource.m; sourceTree = "<group>"; };
		0B7BA84F2C1EF2D400FD2877 /* SomeCellValue.h */ = {isa = PBXFileReference; lastKnownFileType = sourcecode.c.h; path = SomeCellValue.h; sourceTree = "<group>"; };
		0B7BA8502C1EF34400FD2877 /* SomeCellValue.m */ = {isa = PBXFileReference; lastKnownFileType = sourcecode.c.objc; path = SomeCellValue.m; sourceTree = "<group>"; };
		0B7BA8522C1EF6C700FD2877 /* MyCell.h */ = {isa = PBXFileReference; lastKnownFileType = sourcecode.c.h; path = MyCell.h; sourceTree = "<group>"; };
		0B7BA8532C1EF6C700FD2877 /* MyCell.m */ = {isa = PBXFileReference; lastKnownFileType = sourcecode.c.objc; path = MyCell.m; sourceTree = "<group>"; };
		0B7BA85B2C20118C00FD2877 /* NetworkService.h */ = {isa = PBXFileReference; lastKnownFileType = sourcecode.c.h; path = NetworkService.h; sourceTree = "<group>"; };
		0B7BA85C2C20128400FD2877 /* NetworkServiceImpl.h */ = {isa = PBXFileReference; lastKnownFileType = sourcecode.c.h; path = NetworkServiceImpl.h; sourceTree = "<group>"; };
		0B7BA85D2C2012C200FD2877 /* NetworkServiceImpl.m */ = {isa = PBXFileReference; lastKnownFileType = sourcecode.c.objc; path = NetworkServiceImpl.m; sourceTree = "<group>"; };
		0B7BA85F2C20214700FD2877 /* BreedsArray.h */ = {isa = PBXFileReference; lastKnownFileType = sourcecode.c.h; path = BreedsArray.h; sourceTree = "<group>"; };
		0B7BA8602C2022CD00FD2877 /* Breed.h */ = {isa = PBXFileReference; lastKnownFileType = sourcecode.c.h; path = Breed.h; sourceTree = "<group>"; };
		0B7BA8612C20235A00FD2877 /* BreedsArray.m */ = {isa = PBXFileReference; lastKnownFileType = sourcecode.c.objc; path = BreedsArray.m; sourceTree = "<group>"; };
		0B7BA8632C2023B700FD2877 /* Breed.m */ = {isa = PBXFileReference; lastKnownFileType = sourcecode.c.objc; path = Breed.m; sourceTree = "<group>"; };
		0B7BA8662C2084CA00FD2877 /* BreedDetails.h */ = {isa = PBXFileReference; lastKnownFileType = sourcecode.c.h; path = BreedDetails.h; sourceTree = "<group>"; };
		0B7BA8672C2084CA00FD2877 /* BreedDetails.m */ = {isa = PBXFileReference; lastKnownFileType = sourcecode.c.objc; path = BreedDetails.m; sourceTree = "<group>"; };
		0B7BA86B2C219A4B00FD2877 /* Obj-c training-Bridging-Header.h */ = {isa = PBXFileReference; lastKnownFileType = sourcecode.c.h; path = "Obj-c training-Bridging-Header.h"; sourceTree = "<group>"; };
		0B7BA86E2C219DEC00FD2877 /* IViewController.swift */ = {isa = PBXFileReference; lastKnownFileType = sourcecode.swift; path = IViewController.swift; sourceTree = "<group>"; };
		0B7BA8722C22BDE600FD2877 /* VSDSDataSource.h */ = {isa = PBXFileReference; lastKnownFileType = sourcecode.c.h; path = VSDSDataSource.h; sourceTree = "<group>"; };
		0B7BA8772C22C2EB00FD2877 /* VSDSDataSource.m */ = {isa = PBXFileReference; lastKnownFileType = sourcecode.c.objc; path = VSDSDataSource.m; sourceTree = "<group>"; };
		0B7BA87B2C22C37100FD2877 /* VSDSTestCells.swift */ = {isa = PBXFileReference; lastKnownFileType = sourcecode.swift; path = VSDSTestCells.swift; sourceTree = "<group>"; };
		0B7BA87F2C22C40500FD2877 /* VSDSConfigurableCell.h */ = {isa = PBXFileReference; lastKnownFileType = sourcecode.c.h; path = VSDSConfigurableCell.h; sourceTree = "<group>"; };
		0B7BA8802C22C4F100FD2877 /* VSDSConfigurableCell.m */ = {isa = PBXFileReference; lastKnownFileType = sourcecode.c.objc; path = VSDSConfigurableCell.m; sourceTree = "<group>"; };
		0B7BA8852C24004100FD2877 /* Decodable.h */ = {isa = PBXFileReference; lastKnownFileType = sourcecode.c.h; path = Decodable.h; sourceTree = "<group>"; };
/* End PBXFileReference section */

/* Begin PBXFrameworksBuildPhase section */
		0B7BA8202C1B38D400FD2877 /* Frameworks */ = {
			isa = PBXFrameworksBuildPhase;
			buildActionMask = 2147483647;
			files = (
			);
			runOnlyForDeploymentPostprocessing = 0;
		};
/* End PBXFrameworksBuildPhase section */

/* Begin PBXGroup section */
		0B7BA81A2C1B38D400FD2877 = {
			isa = PBXGroup;
			children = (
				0B7BA8252C1B38D400FD2877 /* Obj-c training */,
				0B7BA8242C1B38D400FD2877 /* Products */,
			);
			sourceTree = "<group>";
		};
		0B7BA8242C1B38D400FD2877 /* Products */ = {
			isa = PBXGroup;
			children = (
				0B7BA8232C1B38D400FD2877 /* Obj-c training.app */,
			);
			name = Products;
			sourceTree = "<group>";
		};
		0B7BA8252C1B38D400FD2877 /* Obj-c training */ = {
			isa = PBXGroup;
			children = (
				0B7BA8842C23143600FD2877 /* Swift */,
				0B7BA8702C22BD9900FD2877 /* TableViewDS */,
				0B7BA86A2C219A3D00FD2877 /* Headers */,
				0B7BA85A2C20117C00FD2877 /* Services */,
				0B7BA8582C1F0BAD00FD2877 /* ViewControllers */,
				0B7BA8572C1F0B9D00FD2877 /* AppConfig */,
				0B7BA8562C1F0B9200FD2877 /* DTO */,
				0B7BA8552C1F0B8400FD2877 /* Extensions */,
				0B7BA8322C1B38D500FD2877 /* Assets.xcassets */,
				0B7BA8342C1B38D500FD2877 /* LaunchScreen.storyboard */,
				0B7BA8372C1B38D500FD2877 /* Info.plist */,
				0B7BA8382C1B38D500FD2877 /* main.m */,
			);
			path = "Obj-c training";
			sourceTree = "<group>";
		};
		0B7BA8472C1EDDD200FD2877 /* TableView */ = {
			isa = PBXGroup;
			children = (
				0B7BA84B2C1EDE8900FD2877 /* DataSource */,
				0B7BA8482C1EDDF400FD2877 /* TableViewController.h */,
				0B7BA8492C1EDDF400FD2877 /* TableViewController.m */,
				0B7BA8522C1EF6C700FD2877 /* MyCell.h */,
				0B7BA8532C1EF6C700FD2877 /* MyCell.m */,
			);
			path = TableView;
			sourceTree = "<group>";
		};
		0B7BA84B2C1EDE8900FD2877 /* DataSource */ = {
			isa = PBXGroup;
			children = (
				0B7BA84C2C1EDEA700FD2877 /* TableViewDataSource.h */,
				0B7BA84D2C1EDEA700FD2877 /* TableViewDataSource.m */,
			);
			path = DataSource;
			sourceTree = "<group>";
		};
		0B7BA8552C1F0B8400FD2877 /* Extensions */ = {
			isa = PBXGroup;
			children = (
				0B7BA83F2C1C956500FD2877 /* UIViewAutoLayout.h */,
				0B7BA8412C1C958A00FD2877 /* UIViewAutoLayout.m */,
			);
			path = Extensions;
			sourceTree = "<group>";
		};
		0B7BA8562C1F0B9200FD2877 /* DTO */ = {
			isa = PBXGroup;
			children = (
				0B7BA84F2C1EF2D400FD2877 /* SomeCellValue.h */,
				0B7BA8502C1EF34400FD2877 /* SomeCellValue.m */,
				0B7BA8432C1DD5D700FD2877 /* ViewColorModel.h */,
				0B7BA8452C1DD71100FD2877 /* ViewColorModel.m */,
				0B7BA85F2C20214700FD2877 /* BreedsArray.h */,
				0B7BA8612C20235A00FD2877 /* BreedsArray.m */,
				0B7BA8602C2022CD00FD2877 /* Breed.h */,
				0B7BA8632C2023B700FD2877 /* Breed.m */,
			);
			path = DTO;
			sourceTree = "<group>";
		};
		0B7BA8572C1F0B9D00FD2877 /* AppConfig */ = {
			isa = PBXGroup;
			children = (
				0B7BA8262C1B38D400FD2877 /* AppDelegate.h */,
				0B7BA8272C1B38D500FD2877 /* AppDelegate.m */,
			);
			path = AppConfig;
			sourceTree = "<group>";
		};
		0B7BA8582C1F0BAD00FD2877 /* ViewControllers */ = {
			isa = PBXGroup;
			children = (
				0B7BA8652C2084A700FD2877 /* DetailsView */,
				0B7BA8592C1F0BB600FD2877 /* ViewController */,
				0B7BA8472C1EDDD200FD2877 /* TableView */,
			);
			path = ViewControllers;
			sourceTree = "<group>";
		};
		0B7BA8592C1F0BB600FD2877 /* ViewController */ = {
			isa = PBXGroup;
			children = (
				0B7BA82C2C1B38D500FD2877 /* ViewController.h */,
				0B7BA82D2C1B38D500FD2877 /* ViewController.m */,
			);
			path = ViewController;
			sourceTree = "<group>";
		};
		0B7BA85A2C20117C00FD2877 /* Services */ = {
			isa = PBXGroup;
			children = (
				0B7BA85B2C20118C00FD2877 /* NetworkService.h */,
				0B7BA85C2C20128400FD2877 /* NetworkServiceImpl.h */,
				0B7BA85D2C2012C200FD2877 /* NetworkServiceImpl.m */,
				0B7BA8852C24004100FD2877 /* Decodable.h */,
			);
			path = Services;
			sourceTree = "<group>";
		};
		0B7BA8652C2084A700FD2877 /* DetailsView */ = {
			isa = PBXGroup;
			children = (
				0B7BA8662C2084CA00FD2877 /* BreedDetails.h */,
				0B7BA8672C2084CA00FD2877 /* BreedDetails.m */,
			);
			path = DetailsView;
			sourceTree = "<group>";
		};
		0B7BA86A2C219A3D00FD2877 /* Headers */ = {
			isa = PBXGroup;
			children = (
				0B7BA86B2C219A4B00FD2877 /* Obj-c training-Bridging-Header.h */,
			);
			path = Headers;
			sourceTree = "<group>";
		};
		0B7BA8702C22BD9900FD2877 /* TableViewDS */ = {
			isa = PBXGroup;
			children = (
				0B7BA8722C22BDE600FD2877 /* VSDSDataSource.h */,
				0B7BA8772C22C2EB00FD2877 /* VSDSDataSource.m */,
				0B7BA87F2C22C40500FD2877 /* VSDSConfigurableCell.h */,
				0B7BA8802C22C4F100FD2877 /* VSDSConfigurableCell.m */,
			);
			path = TableViewDS;
			sourceTree = "<group>";
		};
		0B7BA8842C23143600FD2877 /* Swift */ = {
			isa = PBXGroup;
			children = (
				0B7BA86E2C219DEC00FD2877 /* IViewController.swift */,
				0B7BA87B2C22C37100FD2877 /* VSDSTestCells.swift */,
			);
			path = Swift;
			sourceTree = "<group>";
		};
/* End PBXGroup section */

/* Begin PBXNativeTarget section */
		0B7BA8222C1B38D400FD2877 /* Obj-c training */ = {
			isa = PBXNativeTarget;
			buildConfigurationList = 0B7BA83C2C1B38D500FD2877 /* Build configuration list for PBXNativeTarget "Obj-c training" */;
			buildPhases = (
				0B7BA81F2C1B38D400FD2877 /* Sources */,
				0B7BA8202C1B38D400FD2877 /* Frameworks */,
				0B7BA8212C1B38D400FD2877 /* Resources */,
			);
			buildRules = (
			);
			dependencies = (
			);
			name = "Obj-c training";
			productName = "Obj-c training";
			productReference = 0B7BA8232C1B38D400FD2877 /* Obj-c training.app */;
			productType = "com.apple.product-type.application";
		};
/* End PBXNativeTarget section */

/* Begin PBXProject section */
		0B7BA81B2C1B38D400FD2877 /* Project object */ = {
			isa = PBXProject;
			attributes = {
				BuildIndependentTargetsInParallel = 1;
				LastUpgradeCheck = 1520;
				TargetAttributes = {
					0B7BA8222C1B38D400FD2877 = {
						CreatedOnToolsVersion = 15.2;
						LastSwiftMigration = 1520;
					};
				};
			};
			buildConfigurationList = 0B7BA81E2C1B38D400FD2877 /* Build configuration list for PBXProject "Obj-c training" */;
			compatibilityVersion = "Xcode 14.0";
			developmentRegion = en;
			hasScannedForEncodings = 0;
			knownRegions = (
				en,
				Base,
			);
			mainGroup = 0B7BA81A2C1B38D400FD2877;
			productRefGroup = 0B7BA8242C1B38D400FD2877 /* Products */;
			projectDirPath = "";
			projectRoot = "";
			targets = (
				0B7BA8222C1B38D400FD2877 /* Obj-c training */,
			);
		};
/* End PBXProject section */

/* Begin PBXResourcesBuildPhase section */
		0B7BA8212C1B38D400FD2877 /* Resources */ = {
			isa = PBXResourcesBuildPhase;
			buildActionMask = 2147483647;
			files = (
				0B7BA8362C1B38D500FD2877 /* LaunchScreen.storyboard in Resources */,
				0B7BA8332C1B38D500FD2877 /* Assets.xcassets in Resources */,
			);
			runOnlyForDeploymentPostprocessing = 0;
		};
/* End PBXResourcesBuildPhase section */

/* Begin PBXSourcesBuildPhase section */
		0B7BA81F2C1B38D400FD2877 /* Sources */ = {
			isa = PBXSourcesBuildPhase;
			buildActionMask = 2147483647;
			files = (
				0B7BA8822C22C59300FD2877 /* VSDSConfigurableCell.h in Sources */,
				0B7BA8752C22C26D00FD2877 /* VSDSDataSource.h in Sources */,
				0B7BA87C2C22C37100FD2877 /* VSDSTestCells.swift in Sources */,
				0B7BA82E2C1B38D500FD2877 /* ViewController.m in Sources */,
				0B7BA8462C1DD71100FD2877 /* ViewColorModel.m in Sources */,
				0B7BA8282C1B38D500FD2877 /* AppDelegate.m in Sources */,
				0B7BA8512C1EF34400FD2877 /* SomeCellValue.m in Sources */,
				0B7BA8442C1DD5D700FD2877 /* ViewColorModel.h in Sources */,
				0B7BA8682C2084CA00FD2877 /* BreedDetails.m in Sources */,
				0B7BA8422C1C958A00FD2877 /* UIViewAutoLayout.m in Sources */,
				0B7BA8642C2023B700FD2877 /* Breed.m in Sources */,
				0B7BA8402C1C956500FD2877 /* UIViewAutoLayout.h in Sources */,
				0B7BA86F2C219DEC00FD2877 /* IViewController.swift in Sources */,
				0B7BA8542C1EF6C700FD2877 /* MyCell.m in Sources */,
				0B7BA8812C22C4F100FD2877 /* VSDSConfigurableCell.m in Sources */,
				0B7BA85E2C2012C200FD2877 /* NetworkServiceImpl.m in Sources */,
				0B7BA84E2C1EDEA700FD2877 /* TableViewDataSource.m in Sources */,
				0B7BA8392C1B38D500FD2877 /* main.m in Sources */,
				0B7BA84A2C1EDDF400FD2877 /* TableViewController.m in Sources */,
				0B7BA8782C22C2EB00FD2877 /* VSDSDataSource.m in Sources */,
				0B7BA8622C20235A00FD2877 /* BreedsArray.m in Sources */,
			);
			runOnlyForDeploymentPostprocessing = 0;
		};
/* End PBXSourcesBuildPhase section */

/* Begin PBXVariantGroup section */
		0B7BA8342C1B38D500FD2877 /* LaunchScreen.storyboard */ = {
			isa = PBXVariantGroup;
			children = (
				0B7BA8352C1B38D500FD2877 /* Base */,
			);
			name = LaunchScreen.storyboard;
			sourceTree = "<group>";
		};
/* End PBXVariantGroup section */

/* Begin XCBuildConfiguration section */
		0B7BA83A2C1B38D500FD2877 /* Debug */ = {
			isa = XCBuildConfiguration;
			buildSettings = {
				ALWAYS_SEARCH_USER_PATHS = YES;
				ASSETCATALOG_COMPILER_GENERATE_SWIFT_ASSET_SYMBOL_EXTENSIONS = YES;
				CLANG_ANALYZER_NONNULL = YES;
				CLANG_ANALYZER_NUMBER_OBJECT_CONVERSION = YES_AGGRESSIVE;
				CLANG_CXX_LANGUAGE_STANDARD = "gnu++20";
				CLANG_ENABLE_MODULES = YES;
				CLANG_ENABLE_OBJC_ARC = YES;
				CLANG_ENABLE_OBJC_WEAK = YES;
				CLANG_WARN_BLOCK_CAPTURE_AUTORELEASING = YES;
				CLANG_WARN_BOOL_CONVERSION = YES;
				CLANG_WARN_COMMA = YES;
				CLANG_WARN_CONSTANT_CONVERSION = YES;
				CLANG_WARN_DEPRECATED_OBJC_IMPLEMENTATIONS = YES;
				CLANG_WARN_DIRECT_OBJC_ISA_USAGE = YES_ERROR;
				CLANG_WARN_DOCUMENTATION_COMMENTS = YES;
				CLANG_WARN_EMPTY_BODY = YES;
				CLANG_WARN_ENUM_CONVERSION = YES;
				CLANG_WARN_INFINITE_RECURSION = YES;
				CLANG_WARN_INT_CONVERSION = YES;
				CLANG_WARN_NON_LITERAL_NULL_CONVERSION = YES;
				CLANG_WARN_OBJC_IMPLICIT_RETAIN_SELF = YES;
				CLANG_WARN_OBJC_LITERAL_CONVERSION = YES;
				CLANG_WARN_OBJC_ROOT_CLASS = YES_ERROR;
				CLANG_WARN_QUOTED_INCLUDE_IN_FRAMEWORK_HEADER = YES;
				CLANG_WARN_RANGE_LOOP_ANALYSIS = YES;
				CLANG_WARN_STRICT_PROTOTYPES = YES;
				CLANG_WARN_SUSPICIOUS_MOVE = YES;
				CLANG_WARN_UNGUARDED_AVAILABILITY = YES_AGGRESSIVE;
				CLANG_WARN_UNREACHABLE_CODE = YES;
				CLANG_WARN__DUPLICATE_METHOD_MATCH = YES;
				COPY_PHASE_STRIP = NO;
				DEBUG_INFORMATION_FORMAT = dwarf;
				ENABLE_STRICT_OBJC_MSGSEND = YES;
				ENABLE_TESTABILITY = YES;
				ENABLE_USER_SCRIPT_SANDBOXING = YES;
				GCC_C_LANGUAGE_STANDARD = gnu17;
				GCC_DYNAMIC_NO_PIC = NO;
				GCC_NO_COMMON_BLOCKS = YES;
				GCC_OPTIMIZATION_LEVEL = 0;
				GCC_PREPROCESSOR_DEFINITIONS = (
					"DEBUG=1",
					"$(inherited)",
				);
				GCC_WARN_64_TO_32_BIT_CONVERSION = YES;
				GCC_WARN_ABOUT_RETURN_TYPE = YES_ERROR;
				GCC_WARN_UNDECLARED_SELECTOR = YES;
				GCC_WARN_UNINITIALIZED_AUTOS = YES_AGGRESSIVE;
				GCC_WARN_UNUSED_FUNCTION = YES;
				GCC_WARN_UNUSED_VARIABLE = YES;
				IPHONEOS_DEPLOYMENT_TARGET = 17.2;
				LOCALIZATION_PREFERS_STRING_CATALOGS = YES;
				MTL_ENABLE_DEBUG_INFO = INCLUDE_SOURCE;
				MTL_FAST_MATH = YES;
				ONLY_ACTIVE_ARCH = YES;
				PRODUCT_NAME = "Obj-c training";
				SDKROOT = iphoneos;
			};
			name = Debug;
		};
		0B7BA83B2C1B38D500FD2877 /* Release */ = {
			isa = XCBuildConfiguration;
			buildSettings = {
				ALWAYS_SEARCH_USER_PATHS = YES;
				ASSETCATALOG_COMPILER_GENERATE_SWIFT_ASSET_SYMBOL_EXTENSIONS = YES;
				CLANG_ANALYZER_NONNULL = YES;
				CLANG_ANALYZER_NUMBER_OBJECT_CONVERSION = YES_AGGRESSIVE;
				CLANG_CXX_LANGUAGE_STANDARD = "gnu++20";
				CLANG_ENABLE_MODULES = YES;
				CLANG_ENABLE_OBJC_ARC = YES;
				CLANG_ENABLE_OBJC_WEAK = YES;
				CLANG_WARN_BLOCK_CAPTURE_AUTORELEASING = YES;
				CLANG_WARN_BOOL_CONVERSION = YES;
				CLANG_WARN_COMMA = YES;
				CLANG_WARN_CONSTANT_CONVERSION = YES;
				CLANG_WARN_DEPRECATED_OBJC_IMPLEMENTATIONS = YES;
				CLANG_WARN_DIRECT_OBJC_ISA_USAGE = YES_ERROR;
				CLANG_WARN_DOCUMENTATION_COMMENTS = YES;
				CLANG_WARN_EMPTY_BODY = YES;
				CLANG_WARN_ENUM_CONVERSION = YES;
				CLANG_WARN_INFINITE_RECURSION = YES;
				CLANG_WARN_INT_CONVERSION = YES;
				CLANG_WARN_NON_LITERAL_NULL_CONVERSION = YES;
				CLANG_WARN_OBJC_IMPLICIT_RETAIN_SELF = YES;
				CLANG_WARN_OBJC_LITERAL_CONVERSION = YES;
				CLANG_WARN_OBJC_ROOT_CLASS = YES_ERROR;
				CLANG_WARN_QUOTED_INCLUDE_IN_FRAMEWORK_HEADER = YES;
				CLANG_WARN_RANGE_LOOP_ANALYSIS = YES;
				CLANG_WARN_STRICT_PROTOTYPES = YES;
				CLANG_WARN_SUSPICIOUS_MOVE = YES;
				CLANG_WARN_UNGUARDED_AVAILABILITY = YES_AGGRESSIVE;
				CLANG_WARN_UNREACHABLE_CODE = YES;
				CLANG_WARN__DUPLICATE_METHOD_MATCH = YES;
				COPY_PHASE_STRIP = NO;
				DEBUG_INFORMATION_FORMAT = "dwarf-with-dsym";
				ENABLE_NS_ASSERTIONS = NO;
				ENABLE_STRICT_OBJC_MSGSEND = YES;
				ENABLE_USER_SCRIPT_SANDBOXING = YES;
				GCC_C_LANGUAGE_STANDARD = gnu17;
				GCC_NO_COMMON_BLOCKS = YES;
				GCC_WARN_64_TO_32_BIT_CONVERSION = YES;
				GCC_WARN_ABOUT_RETURN_TYPE = YES_ERROR;
				GCC_WARN_UNDECLARED_SELECTOR = YES;
				GCC_WARN_UNINITIALIZED_AUTOS = YES_AGGRESSIVE;
				GCC_WARN_UNUSED_FUNCTION = YES;
				GCC_WARN_UNUSED_VARIABLE = YES;
				IPHONEOS_DEPLOYMENT_TARGET = 17.2;
				LOCALIZATION_PREFERS_STRING_CATALOGS = YES;
				MTL_ENABLE_DEBUG_INFO = NO;
				MTL_FAST_MATH = YES;
				PRODUCT_NAME = "Obj-c training";
				SDKROOT = iphoneos;
				VALIDATE_PRODUCT = YES;
			};
			name = Release;
		};
		0B7BA83D2C1B38D500FD2877 /* Debug */ = {
			isa = XCBuildConfiguration;
			buildSettings = {
				ASSETCATALOG_COMPILER_APPICON_NAME = AppIcon;
				ASSETCATALOG_COMPILER_GLOBAL_ACCENT_COLOR_NAME = AccentColor;
				CLANG_ENABLE_MODULES = YES;
				CODE_SIGN_STYLE = Automatic;
				CURRENT_PROJECT_VERSION = 1;
				DEVELOPMENT_TEAM = JM2LZTGHNA;
				GENERATE_INFOPLIST_FILE = YES;
				INFOPLIST_FILE = "Obj-c training/Info.plist";
				INFOPLIST_KEY_UIApplicationSupportsIndirectInputEvents = YES;
				INFOPLIST_KEY_UILaunchStoryboardName = LaunchScreen;
				INFOPLIST_KEY_UISupportedInterfaceOrientations_iPad = "UIInterfaceOrientationPortrait UIInterfaceOrientationPortraitUpsideDown UIInterfaceOrientationLandscapeLeft UIInterfaceOrientationLandscapeRight";
				INFOPLIST_KEY_UISupportedInterfaceOrientations_iPhone = "UIInterfaceOrientationPortrait UIInterfaceOrientationLandscapeLeft UIInterfaceOrientationLandscapeRight";
				LD_RUNPATH_SEARCH_PATHS = (
					"$(inherited)",
					"@executable_path/Frameworks",
				);
				MARKETING_VERSION = 1.0;
				PRODUCT_BUNDLE_IDENTIFIER = "Arbuz-LLC.Obj-c-training";
				PRODUCT_NAME = "$(TARGET_NAME)";
				SWIFT_EMIT_LOC_STRINGS = YES;
				SWIFT_OBJC_BRIDGING_HEADER = "Obj-c training/Headers/Obj-c training-Bridging-Header.h";
				SWIFT_OPTIMIZATION_LEVEL = "-Onone";
				SWIFT_VERSION = 5.0;
				TARGETED_DEVICE_FAMILY = "1,2";
			};
			name = Debug;
		};
		0B7BA83E2C1B38D500FD2877 /* Release */ = {
			isa = XCBuildConfiguration;
			buildSettings = {
				ASSETCATALOG_COMPILER_APPICON_NAME = AppIcon;
				ASSETCATALOG_COMPILER_GLOBAL_ACCENT_COLOR_NAME = AccentColor;
				CLANG_ENABLE_MODULES = YES;
				CODE_SIGN_STYLE = Automatic;
				CURRENT_PROJECT_VERSION = 1;
				DEVELOPMENT_TEAM = JM2LZTGHNA;
				GENERATE_INFOPLIST_FILE = YES;
				INFOPLIST_FILE = "Obj-c training/Info.plist";
				INFOPLIST_KEY_UIApplicationSupportsIndirectInputEvents = YES;
				INFOPLIST_KEY_UILaunchStoryboardName = LaunchScreen;
				INFOPLIST_KEY_UISupportedInterfaceOrientations_iPad = "UIInterfaceOrientationPortrait UIInterfaceOrientationPortraitUpsideDown UIInterfaceOrientationLandscapeLeft UIInterfaceOrientationLandscapeRight";
				INFOPLIST_KEY_UISupportedInterfaceOrientations_iPhone = "UIInterfaceOrientationPortrait UIInterfaceOrientationLandscapeLeft UIInterfaceOrientationLandscapeRight";
				LD_RUNPATH_SEARCH_PATHS = (
					"$(inherited)",
					"@executable_path/Frameworks",
				);
				MARKETING_VERSION = 1.0;
				PRODUCT_BUNDLE_IDENTIFIER = "Arbuz-LLC.Obj-c-training";
				PRODUCT_NAME = "$(TARGET_NAME)";
				SWIFT_EMIT_LOC_STRINGS = YES;
				SWIFT_OBJC_BRIDGING_HEADER = "Obj-c training/Headers/Obj-c training-Bridging-Header.h";
				SWIFT_VERSION = 5.0;
				TARGETED_DEVICE_FAMILY = "1,2";
			};
			name = Release;
		};
/* End XCBuildConfiguration section */

/* Begin XCConfigurationList section */
		0B7BA81E2C1B38D400FD2877 /* Build configuration list for PBXProject "Obj-c training" */ = {
			isa = XCConfigurationList;
			buildConfigurations = (
				0B7BA83A2C1B38D500FD2877 /* Debug */,
				0B7BA83B2C1B38D500FD2877 /* Release */,
			);
			defaultConfigurationIsVisible = 0;
			defaultConfigurationName = Release;
		};
		0B7BA83C2C1B38D500FD2877 /* Build configuration list for PBXNativeTarget "Obj-c training" */ = {
			isa = XCConfigurationList;
			buildConfigurations = (
				0B7BA83D2C1B38D500FD2877 /* Debug */,
				0B7BA83E2C1B38D500FD2877 /* Release */,
			);
			defaultConfigurationIsVisible = 0;
			defaultConfigurationName = Release;
		};
/* End XCConfigurationList section */
	};
	rootObject = 0B7BA81B2C1B38D400FD2877 /* Project object */;
}
